github.com/muhamadisro27/say-hello-golang v1.0.0 h1:o7W6fsRIdCJQftECXZVJH45HAk9MWXv6KNLsXYsRMa8=
github.com/muhamadisro27/say-hello-golang v1.0.0/go.mod h1:j/3Ad1IiGyWdox1LgOjzKxmDPPbUywzRfM6R2BZ2Q3U=
github.com/muhamadisro27/say-hello-golang v1.2.0 h1:fX2pcxJAVIvHqLbh+w0lSuD1aIsPpYnvu77h6o6Aluo=
github.com/muhamadisro27/say-hello-golang v1.2.0/go.mod h1:j/3Ad1IiGyWdox1LgOjzKxmDPPbUywzRfM6R2BZ2Q3U=
github.com/muhamadisro27/say-hello-golang/v2 v2.0.0 h1:zJ/kQNY0SHD12GZddFqm3BfaBP/a7V36UeuduNnU+FI=
github.com/muhamadisro27/say-hello-golang/v2 v2.0.0/go.mod h1:qjjsxWfCAtxgZm/Mlw9F/OuBILo83k5pttUnTAgSHhg=
